// !$*UTF8*$!
{
	archiveVersion = 1;
	classes = {
	};
	objectVersion = 46;
	objects = {

/* Begin PBXBuildFile section */
		03AD3A9D1652CA48866866C2 /* Pods_LXPlayer.framework in Frameworks */ = {isa = PBXBuildFile; fileRef = 862FBE77B358A0CF98F79600 /* Pods_LXPlayer.framework */; };
		C929AE9B1EDD312900B36990 /* CALayer+PauseAnimate.m in Sources */ = {isa = PBXBuildFile; fileRef = C929AE9A1EDD312900B36990 /* CALayer+PauseAnimate.m */; };
		C929AEA11EDD32E600B36990 /* UIImage+LXImage.m in Sources */ = {isa = PBXBuildFile; fileRef = C929AEA01EDD32E600B36990 /* UIImage+LXImage.m */; };
		C929AEA41EDD339500B36990 /* UIView+LXView.m in Sources */ = {isa = PBXBuildFile; fileRef = C929AEA31EDD339500B36990 /* UIView+LXView.m */; };
		C929AEB11EDD385C00B36990 /* LXBaseTabBarController.m in Sources */ = {isa = PBXBuildFile; fileRef = C929AEB01EDD385C00B36990 /* LXBaseTabBarController.m */; };
		C93AE01F1EDBD235005DF1BB /* LXPlayerTests.m in Sources */ = {isa = PBXBuildFile; fileRef = C93AE01E1EDBD235005DF1BB /* LXPlayerTests.m */; };
		C93AE02A1EDBD236005DF1BB /* LXPlayerUITests.m in Sources */ = {isa = PBXBuildFile; fileRef = C93AE0291EDBD236005DF1BB /* LXPlayerUITests.m */; };
		C9909E931EDD20FF00B8BE4C /* AppDelegate.m in Sources */ = {isa = PBXBuildFile; fileRef = C9909E8F1EDD20FF00B8BE4C /* AppDelegate.m */; };
		C9909E941EDD20FF00B8BE4C /* Info.plist in Resources */ = {isa = PBXBuildFile; fileRef = C9909E901EDD20FF00B8BE4C /* Info.plist */; };
		C9909E951EDD20FF00B8BE4C /* main.m in Sources */ = {isa = PBXBuildFile; fileRef = C9909E911EDD20FF00B8BE4C /* main.m */; };
		C9909E9A1EDD2BD100B8BE4C /* LaunchScreen.storyboard in Resources */ = {isa = PBXBuildFile; fileRef = C9909E981EDD2BD100B8BE4C /* LaunchScreen.storyboard */; };
		C9909E9B1EDD2BD100B8BE4C /* Main.storyboard in Resources */ = {isa = PBXBuildFile; fileRef = C9909E991EDD2BD100B8BE4C /* Main.storyboard */; };
		C9909E9D1EDD2FEA00B8BE4C /* Assets.xcassets in Resources */ = {isa = PBXBuildFile; fileRef = C9909E9C1EDD2FEA00B8BE4C /* Assets.xcassets */; };
/* End PBXBuildFile section */

/* Begin PBXContainerItemProxy section */
		C93AE01B1EDBD235005DF1BB /* PBXContainerItemProxy */ = {
			isa = PBXContainerItemProxy;
			containerPortal = C93ADFF91EDBD235005DF1BB /* Project object */;
			proxyType = 1;
			remoteGlobalIDString = C93AE0001EDBD235005DF1BB;
			remoteInfo = LXPlayer;
		};
		C93AE0261EDBD236005DF1BB /* PBXContainerItemProxy */ = {
			isa = PBXContainerItemProxy;
			containerPortal = C93ADFF91EDBD235005DF1BB /* Project object */;
			proxyType = 1;
			remoteGlobalIDString = C93AE0001EDBD235005DF1BB;
			remoteInfo = LXPlayer;
		};
/* End PBXContainerItemProxy section */

/* Begin PBXFileReference section */
		00E4921D4A8CC5DD04F67E79 /* Pods-LXPlayer.release.xcconfig */ = {isa = PBXFileReference; includeInIndex = 1; lastKnownFileType = text.xcconfig; name = "Pods-LXPlayer.release.xcconfig"; path = "Pods/Target Support Files/Pods-LXPlayer/Pods-LXPlayer.release.xcconfig"; sourceTree = "<group>"; };
		862FBE77B358A0CF98F79600 /* Pods_LXPlayer.framework */ = {isa = PBXFileReference; explicitFileType = wrapper.framework; includeInIndex = 0; path = Pods_LXPlayer.framework; sourceTree = BUILT_PRODUCTS_DIR; };
		C929AE991EDD312900B36990 /* CALayer+PauseAnimate.h */ = {isa = PBXFileReference; fileEncoding = 4; lastKnownFileType = sourcecode.c.h; path = "CALayer+PauseAnimate.h"; sourceTree = "<group>"; };
		C929AE9A1EDD312900B36990 /* CALayer+PauseAnimate.m */ = {isa = PBXFileReference; fileEncoding = 4; lastKnownFileType = sourcecode.c.objc; path = "CALayer+PauseAnimate.m"; sourceTree = "<group>"; };
		C929AE9F1EDD32E600B36990 /* UIImage+LXImage.h */ = {isa = PBXFileReference; fileEncoding = 4; lastKnownFileType = sourcecode.c.h; path = "UIImage+LXImage.h"; sourceTree = "<group>"; };
		C929AEA01EDD32E600B36990 /* UIImage+LXImage.m */ = {isa = PBXFileReference; fileEncoding = 4; lastKnownFileType = sourcecode.c.objc; path = "UIImage+LXImage.m"; sourceTree = "<group>"; };
		C929AEA21EDD339500B36990 /* UIView+LXView.h */ = {isa = PBXFileReference; fileEncoding = 4; lastKnownFileType = sourcecode.c.h; path = "UIView+LXView.h"; sourceTree = "<group>"; };
		C929AEA31EDD339500B36990 /* UIView+LXView.m */ = {isa = PBXFileReference; fileEncoding = 4; lastKnownFileType = sourcecode.c.objc; path = "UIView+LXView.m"; sourceTree = "<group>"; };
		C929AEAF1EDD385C00B36990 /* LXBaseTabBarController.h */ = {isa = PBXFileReference; fileEncoding = 4; lastKnownFileType = sourcecode.c.h; path = LXBaseTabBarController.h; sourceTree = "<group>"; };
		C929AEB01EDD385C00B36990 /* LXBaseTabBarController.m */ = {isa = PBXFileReference; fileEncoding = 4; lastKnownFileType = sourcecode.c.objc; path = LXBaseTabBarController.m; sourceTree = "<group>"; };
		C93AE0011EDBD235005DF1BB /* LXPlayer.app */ = {isa = PBXFileReference; explicitFileType = wrapper.application; includeInIndex = 0; path = LXPlayer.app; sourceTree = BUILT_PRODUCTS_DIR; };
		C93AE01A1EDBD235005DF1BB /* LXPlayerTests.xctest */ = {isa = PBXFileReference; explicitFileType = wrapper.cfbundle; includeInIndex = 0; path = LXPlayerTests.xctest; sourceTree = BUILT_PRODUCTS_DIR; };
		C93AE01E1EDBD235005DF1BB /* LXPlayerTests.m */ = {isa = PBXFileReference; lastKnownFileType = sourcecode.c.objc; path = LXPlayerTests.m; sourceTree = "<group>"; };
		C93AE0201EDBD235005DF1BB /* Info.plist */ = {isa = PBXFileReference; lastKnownFileType = text.plist.xml; path = Info.plist; sourceTree = "<group>"; };
		C93AE0251EDBD236005DF1BB /* LXPlayerUITests.xctest */ = {isa = PBXFileReference; explicitFileType = wrapper.cfbundle; includeInIndex = 0; path = LXPlayerUITests.xctest; sourceTree = BUILT_PRODUCTS_DIR; };
		C93AE0291EDBD236005DF1BB /* LXPlayerUITests.m */ = {isa = PBXFileReference; lastKnownFileType = sourcecode.c.objc; path = LXPlayerUITests.m; sourceTree = "<group>"; };
		C93AE02B1EDBD236005DF1BB /* Info.plist */ = {isa = PBXFileReference; lastKnownFileType = text.plist.xml; path = Info.plist; sourceTree = "<group>"; };
		C9909E8E1EDD20FF00B8BE4C /* AppDelegate.h */ = {isa = PBXFileReference; fileEncoding = 4; lastKnownFileType = sourcecode.c.h; path = AppDelegate.h; sourceTree = "<group>"; };
		C9909E8F1EDD20FF00B8BE4C /* AppDelegate.m */ = {isa = PBXFileReference; fileEncoding = 4; lastKnownFileType = sourcecode.c.objc; path = AppDelegate.m; sourceTree = "<group>"; };
		C9909E901EDD20FF00B8BE4C /* Info.plist */ = {isa = PBXFileReference; fileEncoding = 4; lastKnownFileType = text.plist.xml; path = Info.plist; sourceTree = "<group>"; };
		C9909E911EDD20FF00B8BE4C /* main.m */ = {isa = PBXFileReference; fileEncoding = 4; lastKnownFileType = sourcecode.c.objc; path = main.m; sourceTree = "<group>"; };
		C9909E981EDD2BD100B8BE4C /* LaunchScreen.storyboard */ = {isa = PBXFileReference; fileEncoding = 4; lastKnownFileType = file.storyboard; path = LaunchScreen.storyboard; sourceTree = "<group>"; };
		C9909E991EDD2BD100B8BE4C /* Main.storyboard */ = {isa = PBXFileReference; fileEncoding = 4; lastKnownFileType = file.storyboard; path = Main.storyboard; sourceTree = "<group>"; };
		C9909E9C1EDD2FEA00B8BE4C /* Assets.xcassets */ = {isa = PBXFileReference; lastKnownFileType = folder.assetcatalog; path = Assets.xcassets; sourceTree = "<group>"; };
		CF2EB068C691F3303006FAF2 /* Pods-LXPlayer.debug.xcconfig */ = {isa = PBXFileReference; includeInIndex = 1; lastKnownFileType = text.xcconfig; name = "Pods-LXPlayer.debug.xcconfig"; path = "Pods/Target Support Files/Pods-LXPlayer/Pods-LXPlayer.debug.xcconfig"; sourceTree = "<group>"; };
/* End PBXFileReference section */

/* Begin PBXFrameworksBuildPhase section */
		C93ADFFE1EDBD235005DF1BB /* Frameworks */ = {
			isa = PBXFrameworksBuildPhase;
			buildActionMask = 2147483647;
			files = (
				03AD3A9D1652CA48866866C2 /* Pods_LXPlayer.framework in Frameworks */,
			);
			runOnlyForDeploymentPostprocessing = 0;
		};
		C93AE0171EDBD235005DF1BB /* Frameworks */ = {
			isa = PBXFrameworksBuildPhase;
			buildActionMask = 2147483647;
			files = (
			);
			runOnlyForDeploymentPostprocessing = 0;
		};
		C93AE0221EDBD235005DF1BB /* Frameworks */ = {
			isa = PBXFrameworksBuildPhase;
			buildActionMask = 2147483647;
			files = (
			);
			runOnlyForDeploymentPostprocessing = 0;
		};
/* End PBXFrameworksBuildPhase section */

/* Begin PBXGroup section */
		5685780C98E4DA0A1E8E92D9 /* Frameworks */ = {
			isa = PBXGroup;
			children = (
				862FBE77B358A0CF98F79600 /* Pods_LXPlayer.framework */,
			);
			name = Frameworks;
			sourceTree = "<group>";
		};
		C85A45A221B53314A386D3A1 /* Pods */ = {
			isa = PBXGroup;
			children = (
				CF2EB068C691F3303006FAF2 /* Pods-LXPlayer.debug.xcconfig */,
				00E4921D4A8CC5DD04F67E79 /* Pods-LXPlayer.release.xcconfig */,
			);
			name = Pods;
			sourceTree = "<group>";
		};
		C929AE981EDD30A600B36990 /* Categories */ = {
			isa = PBXGroup;
			children = (
				C929AE991EDD312900B36990 /* CALayer+PauseAnimate.h */,
				C929AE9A1EDD312900B36990 /* CALayer+PauseAnimate.m */,
				C929AE9F1EDD32E600B36990 /* UIImage+LXImage.h */,
				C929AEA01EDD32E600B36990 /* UIImage+LXImage.m */,
				C929AEA21EDD339500B36990 /* UIView+LXView.h */,
				C929AEA31EDD339500B36990 /* UIView+LXView.m */,
			);
			name = Categories;
			path = Classes/Categories;
			sourceTree = "<group>";
		};
		C929AEA51EDD355100B36990 /* MainModules */ = {
			isa = PBXGroup;
			children = (
				C929AEA61EDD357500B36990 /* BaseModules */,
			);
			path = MainModules;
			sourceTree = "<group>";
		};
		C929AEA61EDD357500B36990 /* BaseModules */ = {
			isa = PBXGroup;
			children = (
				C929AEB21EDD396100B36990 /* CenterPlayer */,
				C929AEB61EDD396100B36990 /* Discover */,
				C929AEBA1EDD396100B36990 /* Download */,
				C929AEBE1EDD396100B36990 /* Mine */,
				C929AEC21EDD396100B36990 /* Subscribe */,
				C929AEAA1EDD383C00B36990 /* Base */,
			);
			path = BaseModules;
			sourceTree = "<group>";
		};
		C929AEAA1EDD383C00B36990 /* Base */ = {
			isa = PBXGroup;
			children = (
				C929AEC61EDD39C600B36990 /* Models */,
				C929AEC71EDD39C600B36990 /* Views */,
				C929AEAE1EDD385C00B36990 /* Controllers */,
			);
			path = Base;
			sourceTree = "<group>";
		};
		C929AEAE1EDD385C00B36990 /* Controllers */ = {
			isa = PBXGroup;
			children = (
				C929AEAF1EDD385C00B36990 /* LXBaseTabBarController.h */,
				C929AEB01EDD385C00B36990 /* LXBaseTabBarController.m */,
			);
			path = Controllers;
			sourceTree = "<group>";
		};
		C929AEB21EDD396100B36990 /* CenterPlayer */ = {
			isa = PBXGroup;
			children = (
				C929AEB31EDD396100B36990 /* Controllers */,
				C929AEB41EDD396100B36990 /* Models */,
				C929AEB51EDD396100B36990 /* Views */,
			);
			name = CenterPlayer;
			path = Base/CenterPlayer;
			sourceTree = "<group>";
		};
		C929AEB31EDD396100B36990 /* Controllers */ = {
			isa = PBXGroup;
			children = (
			);
			path = Controllers;
			sourceTree = "<group>";
		};
		C929AEB41EDD396100B36990 /* Models */ = {
			isa = PBXGroup;
			children = (
			);
			path = Models;
			sourceTree = "<group>";
		};
		C929AEB51EDD396100B36990 /* Views */ = {
			isa = PBXGroup;
			children = (
			);
			path = Views;
			sourceTree = "<group>";
		};
		C929AEB61EDD396100B36990 /* Discover */ = {
			isa = PBXGroup;
			children = (
				C929AEB71EDD396100B36990 /* Controllers */,
				C929AEB81EDD396100B36990 /* Models */,
				C929AEB91EDD396100B36990 /* Views */,
			);
			name = Discover;
			path = Base/Discover;
			sourceTree = "<group>";
		};
		C929AEB71EDD396100B36990 /* Controllers */ = {
			isa = PBXGroup;
			children = (
			);
			path = Controllers;
			sourceTree = "<group>";
		};
		C929AEB81EDD396100B36990 /* Models */ = {
			isa = PBXGroup;
			children = (
			);
			path = Models;
			sourceTree = "<group>";
		};
		C929AEB91EDD396100B36990 /* Views */ = {
			isa = PBXGroup;
			children = (
			);
			path = Views;
			sourceTree = "<group>";
		};
		C929AEBA1EDD396100B36990 /* Download */ = {
			isa = PBXGroup;
			children = (
				C929AEBB1EDD396100B36990 /* Controllers */,
				C929AEBC1EDD396100B36990 /* Models */,
				C929AEBD1EDD396100B36990 /* Views */,
			);
			name = Download;
			path = Base/Download;
			sourceTree = "<group>";
		};
		C929AEBB1EDD396100B36990 /* Controllers */ = {
			isa = PBXGroup;
			children = (
			);
			path = Controllers;
			sourceTree = "<group>";
		};
		C929AEBC1EDD396100B36990 /* Models */ = {
			isa = PBXGroup;
			children = (
			);
			path = Models;
			sourceTree = "<group>";
		};
		C929AEBD1EDD396100B36990 /* Views */ = {
			isa = PBXGroup;
			children = (
			);
			path = Views;
			sourceTree = "<group>";
		};
		C929AEBE1EDD396100B36990 /* Mine */ = {
			isa = PBXGroup;
			children = (
				C929AEBF1EDD396100B36990 /* Controllers */,
				C929AEC01EDD396100B36990 /* Models */,
				C929AEC11EDD396100B36990 /* Views */,
			);
			name = Mine;
			path = Base/Mine;
			sourceTree = "<group>";
		};
		C929AEBF1EDD396100B36990 /* Controllers */ = {
			isa = PBXGroup;
			children = (
			);
			path = Controllers;
			sourceTree = "<group>";
		};
		C929AEC01EDD396100B36990 /* Models */ = {
			isa = PBXGroup;
			children = (
			);
			path = Models;
			sourceTree = "<group>";
		};
		C929AEC11EDD396100B36990 /* Views */ = {
			isa = PBXGroup;
			children = (
			);
			path = Views;
			sourceTree = "<group>";
		};
		C929AEC21EDD396100B36990 /* Subscribe */ = {
			isa = PBXGroup;
			children = (
				C929AEC31EDD396100B36990 /* Controllers */,
				C929AEC41EDD396100B36990 /* Models */,
				C929AEC51EDD396100B36990 /* Views */,
			);
			name = Subscribe;
			path = Base/Subscribe;
			sourceTree = "<group>";
		};
		C929AEC31EDD396100B36990 /* Controllers */ = {
			isa = PBXGroup;
			children = (
			);
			path = Controllers;
			sourceTree = "<group>";
		};
		C929AEC41EDD396100B36990 /* Models */ = {
			isa = PBXGroup;
			children = (
			);
			path = Models;
			sourceTree = "<group>";
		};
		C929AEC51EDD396100B36990 /* Views */ = {
			isa = PBXGroup;
			children = (
			);
			path = Views;
			sourceTree = "<group>";
		};
		C929AEC61EDD39C600B36990 /* Models */ = {
			isa = PBXGroup;
			children = (
			);
			path = Models;
			sourceTree = "<group>";
		};
		C929AEC71EDD39C600B36990 /* Views */ = {
			isa = PBXGroup;
			children = (
			);
			path = Views;
			sourceTree = "<group>";
		};
		C93ADFF81EDBD235005DF1BB = {
			isa = PBXGroup;
			children = (
				C9909E8B1EDD20FF00B8BE4C /* LXPlayer */,
				C93AE01D1EDBD235005DF1BB /* LXPlayerTests */,
				C93AE0281EDBD236005DF1BB /* LXPlayerUITests */,
				C93AE0021EDBD235005DF1BB /* Products */,
				C85A45A221B53314A386D3A1 /* Pods */,
				5685780C98E4DA0A1E8E92D9 /* Frameworks */,
			);
			sourceTree = "<group>";
		};
		C93AE0021EDBD235005DF1BB /* Products */ = {
			isa = PBXGroup;
			children = (
				C93AE0011EDBD235005DF1BB /* LXPlayer.app */,
				C93AE01A1EDBD235005DF1BB /* LXPlayerTests.xctest */,
				C93AE0251EDBD236005DF1BB /* LXPlayerUITests.xctest */,
			);
			name = Products;
			sourceTree = "<group>";
		};
		C93AE01D1EDBD235005DF1BB /* LXPlayerTests */ = {
			isa = PBXGroup;
			children = (
				C93AE01E1EDBD235005DF1BB /* LXPlayerTests.m */,
				C93AE0201EDBD235005DF1BB /* Info.plist */,
			);
			path = LXPlayerTests;
			sourceTree = "<group>";
		};
		C93AE0281EDBD236005DF1BB /* LXPlayerUITests */ = {
			isa = PBXGroup;
			children = (
				C93AE0291EDBD236005DF1BB /* LXPlayerUITests.m */,
				C93AE02B1EDBD236005DF1BB /* Info.plist */,
			);
			path = LXPlayerUITests;
			sourceTree = "<group>";
		};
		C9909E8B1EDD20FF00B8BE4C /* LXPlayer */ = {
			isa = PBXGroup;
			children = (
				C929AEA51EDD355100B36990 /* MainModules */,
				C929AE981EDD30A600B36990 /* Categories */,
				C9909E971EDD2BB000B8BE4C /* Storyboards */,
				C9909E8D1EDD20FF00B8BE4C /* System */,
			);
			path = LXPlayer;
			sourceTree = "<group>";
		};
		C9909E8D1EDD20FF00B8BE4C /* System */ = {
			isa = PBXGroup;
			children = (
				C9909E9C1EDD2FEA00B8BE4C /* Assets.xcassets */,
				C9909E8E1EDD20FF00B8BE4C /* AppDelegate.h */,
				C9909E8F1EDD20FF00B8BE4C /* AppDelegate.m */,
				C9909E901EDD20FF00B8BE4C /* Info.plist */,
				C9909E911EDD20FF00B8BE4C /* main.m */,
			);
			path = System;
			sourceTree = "<group>";
		};
		C9909E971EDD2BB000B8BE4C /* Storyboards */ = {
			isa = PBXGroup;
			children = (
				C9909E981EDD2BD100B8BE4C /* LaunchScreen.storyboard */,
				C9909E991EDD2BD100B8BE4C /* Main.storyboard */,
			);
			path = Storyboards;
			sourceTree = "<group>";
		};
/* End PBXGroup section */

/* Begin PBXNativeTarget section */
		C93AE0001EDBD235005DF1BB /* LXPlayer */ = {
			isa = PBXNativeTarget;
			buildConfigurationList = C93AE02E1EDBD236005DF1BB /* Build configuration list for PBXNativeTarget "LXPlayer" */;
			buildPhases = (
				B0E1D1B1D242EBF165B15AFD /* [CP] Check Pods Manifest.lock */,
				C93ADFFD1EDBD235005DF1BB /* Sources */,
				C93ADFFE1EDBD235005DF1BB /* Frameworks */,
				C93ADFFF1EDBD235005DF1BB /* Resources */,
				46A622357A43B6DEA1E94A0C /* [CP] Embed Pods Frameworks */,
				3B189DE1507E41660B18826B /* [CP] Copy Pods Resources */,
			);
			buildRules = (
			);
			dependencies = (
			);
			name = LXPlayer;
			productName = LXPlayer;
			productReference = C93AE0011EDBD235005DF1BB /* LXPlayer.app */;
			productType = "com.apple.product-type.application";
		};
		C93AE0191EDBD235005DF1BB /* LXPlayerTests */ = {
			isa = PBXNativeTarget;
			buildConfigurationList = C93AE0311EDBD236005DF1BB /* Build configuration list for PBXNativeTarget "LXPlayerTests" */;
			buildPhases = (
				C93AE0161EDBD235005DF1BB /* Sources */,
				C93AE0171EDBD235005DF1BB /* Frameworks */,
				C93AE0181EDBD235005DF1BB /* Resources */,
			);
			buildRules = (
			);
			dependencies = (
				C93AE01C1EDBD235005DF1BB /* PBXTargetDependency */,
			);
			name = LXPlayerTests;
			productName = LXPlayerTests;
			productReference = C93AE01A1EDBD235005DF1BB /* LXPlayerTests.xctest */;
			productType = "com.apple.product-type.bundle.unit-test";
		};
		C93AE0241EDBD235005DF1BB /* LXPlayerUITests */ = {
			isa = PBXNativeTarget;
			buildConfigurationList = C93AE0341EDBD236005DF1BB /* Build configuration list for PBXNativeTarget "LXPlayerUITests" */;
			buildPhases = (
				C93AE0211EDBD235005DF1BB /* Sources */,
				C93AE0221EDBD235005DF1BB /* Frameworks */,
				C93AE0231EDBD235005DF1BB /* Resources */,
			);
			buildRules = (
			);
			dependencies = (
				C93AE0271EDBD236005DF1BB /* PBXTargetDependency */,
			);
			name = LXPlayerUITests;
			productName = LXPlayerUITests;
			productReference = C93AE0251EDBD236005DF1BB /* LXPlayerUITests.xctest */;
			productType = "com.apple.product-type.bundle.ui-testing";
		};
/* End PBXNativeTarget section */

/* Begin PBXProject section */
		C93ADFF91EDBD235005DF1BB /* Project object */ = {
			isa = PBXProject;
			attributes = {
				CLASSPREFIX = LX;
				LastUpgradeCheck = 0830;
				ORGANIZATIONNAME = Sire;
				TargetAttributes = {
					C93AE0001EDBD235005DF1BB = {
						CreatedOnToolsVersion = 8.3.1;
						DevelopmentTeam = HY6T393C2M;
						ProvisioningStyle = Automatic;
					};
					C93AE0191EDBD235005DF1BB = {
						CreatedOnToolsVersion = 8.3.1;
						DevelopmentTeam = HY6T393C2M;
						ProvisioningStyle = Automatic;
						TestTargetID = C93AE0001EDBD235005DF1BB;
					};
					C93AE0241EDBD235005DF1BB = {
						CreatedOnToolsVersion = 8.3.1;
						DevelopmentTeam = HY6T393C2M;
						ProvisioningStyle = Automatic;
						TestTargetID = C93AE0001EDBD235005DF1BB;
					};
				};
			};
			buildConfigurationList = C93ADFFC1EDBD235005DF1BB /* Build configuration list for PBXProject "LXPlayer" */;
			compatibilityVersion = "Xcode 3.2";
			developmentRegion = English;
			hasScannedForEncodings = 0;
			knownRegions = (
				en,
				Base,
			);
			mainGroup = C93ADFF81EDBD235005DF1BB;
			productRefGroup = C93AE0021EDBD235005DF1BB /* Products */;
			projectDirPath = "";
			projectRoot = "";
			targets = (
				C93AE0001EDBD235005DF1BB /* LXPlayer */,
				C93AE0191EDBD235005DF1BB /* LXPlayerTests */,
				C93AE0241EDBD235005DF1BB /* LXPlayerUITests */,
			);
		};
/* End PBXProject section */

/* Begin PBXResourcesBuildPhase section */
		C93ADFFF1EDBD235005DF1BB /* Resources */ = {
			isa = PBXResourcesBuildPhase;
			buildActionMask = 2147483647;
			files = (
				C9909E9A1EDD2BD100B8BE4C /* LaunchScreen.storyboard in Resources */,
				C9909E941EDD20FF00B8BE4C /* Info.plist in Resources */,
				C9909E9D1EDD2FEA00B8BE4C /* Assets.xcassets in Resources */,
				C9909E9B1EDD2BD100B8BE4C /* Main.storyboard in Resources */,
			);
			runOnlyForDeploymentPostprocessing = 0;
		};
		C93AE0181EDBD235005DF1BB /* Resources */ = {
			isa = PBXResourcesBuildPhase;
			buildActionMask = 2147483647;
			files = (
			);
			runOnlyForDeploymentPostprocessing = 0;
		};
		C93AE0231EDBD235005DF1BB /* Resources */ = {
			isa = PBXResourcesBuildPhase;
			buildActionMask = 2147483647;
			files = (
			);
			runOnlyForDeploymentPostprocessing = 0;
		};
/* End PBXResourcesBuildPhase section */

/* Begin PBXShellScriptBuildPhase section */
		3B189DE1507E41660B18826B /* [CP] Copy Pods Resources */ = {
			isa = PBXShellScriptBuildPhase;
			buildActionMask = 2147483647;
			files = (
			);
			inputPaths = (
			);
			name = "[CP] Copy Pods Resources";
			outputPaths = (
			);
			runOnlyForDeploymentPostprocessing = 0;
			shellPath = /bin/sh;
			shellScript = "\"${SRCROOT}/Pods/Target Support Files/Pods-LXPlayer/Pods-LXPlayer-resources.sh\"\n";
			showEnvVarsInLog = 0;
		};
		46A622357A43B6DEA1E94A0C /* [CP] Embed Pods Frameworks */ = {
			isa = PBXShellScriptBuildPhase;
			buildActionMask = 2147483647;
			files = (
			);
			inputPaths = (
			);
			name = "[CP] Embed Pods Frameworks";
			outputPaths = (
			);
			runOnlyForDeploymentPostprocessing = 0;
			shellPath = /bin/sh;
			shellScript = "\"${SRCROOT}/Pods/Target Support Files/Pods-LXPlayer/Pods-LXPlayer-frameworks.sh\"\n";
			showEnvVarsInLog = 0;
		};
		B0E1D1B1D242EBF165B15AFD /* [CP] Check Pods Manifest.lock */ = {
			isa = PBXShellScriptBuildPhase;
			buildActionMask = 2147483647;
			files = (
			);
			inputPaths = (
			);
			name = "[CP] Check Pods Manifest.lock";
			outputPaths = (
			);
			runOnlyForDeploymentPostprocessing = 0;
			shellPath = /bin/sh;
			shellScript = "diff \"${PODS_PODFILE_DIR_PATH}/Podfile.lock\" \"${PODS_ROOT}/Manifest.lock\" > /dev/null\nif [ $? != 0 ] ; then\n    # print error to STDERR\n    echo \"error: The sandbox is not in sync with the Podfile.lock. Run 'pod install' or update your CocoaPods installation.\" >&2\n    exit 1\nfi\n";
			showEnvVarsInLog = 0;
		};
/* End PBXShellScriptBuildPhase section */

/* Begin PBXSourcesBuildPhase section */
		C93ADFFD1EDBD235005DF1BB /* Sources */ = {
			isa = PBXSourcesBuildPhase;
			buildActionMask = 2147483647;
			files = (
				C929AE9B1EDD312900B36990 /* CALayer+PauseAnimate.m in Sources */,
				C929AEA41EDD339500B36990 /* UIView+LXView.m in Sources */,
				C929AEB11EDD385C00B36990 /* LXBaseTabBarController.m in Sources */,
				C9909E951EDD20FF00B8BE4C /* main.m in Sources */,
				C9909E931EDD20FF00B8BE4C /* AppDelegate.m in Sources */,
				C929AEA11EDD32E600B36990 /* UIImage+LXImage.m in Sources */,
			);
			runOnlyForDeploymentPostprocessing = 0;
		};
		C93AE0161EDBD235005DF1BB /* Sources */ = {
			isa = PBXSourcesBuildPhase;
			buildActionMask = 2147483647;
			files = (
				C93AE01F1EDBD235005DF1BB /* LXPlayerTests.m in Sources */,
			);
			runOnlyForDeploymentPostprocessing = 0;
		};
		C93AE0211EDBD235005DF1BB /* Sources */ = {
			isa = PBXSourcesBuildPhase;
			buildActionMask = 2147483647;
			files = (
				C93AE02A1EDBD236005DF1BB /* LXPlayerUITests.m in Sources */,
			);
			runOnlyForDeploymentPostprocessing = 0;
		};
/* End PBXSourcesBuildPhase section */

/* Begin PBXTargetDependency section */
		C93AE01C1EDBD235005DF1BB /* PBXTargetDependency */ = {
			isa = PBXTargetDependency;
			target = C93AE0001EDBD235005DF1BB /* LXPlayer */;
			targetProxy = C93AE01B1EDBD235005DF1BB /* PBXContainerItemProxy */;
		};
		C93AE0271EDBD236005DF1BB /* PBXTargetDependency */ = {
			isa = PBXTargetDependency;
			target = C93AE0001EDBD235005DF1BB /* LXPlayer */;
			targetProxy = C93AE0261EDBD236005DF1BB /* PBXContainerItemProxy */;
		};
/* End PBXTargetDependency section */

/* Begin XCBuildConfiguration section */
		C93AE02C1EDBD236005DF1BB /* Debug */ = {
			isa = XCBuildConfiguration;
			buildSettings = {
				ALWAYS_SEARCH_USER_PATHS = NO;
				CLANG_ANALYZER_NONNULL = YES;
				CLANG_ANALYZER_NUMBER_OBJECT_CONVERSION = YES_AGGRESSIVE;
				CLANG_CXX_LANGUAGE_STANDARD = "gnu++0x";
				CLANG_CXX_LIBRARY = "libc++";
				CLANG_ENABLE_MODULES = YES;
				CLANG_ENABLE_OBJC_ARC = YES;
				CLANG_WARN_BOOL_CONVERSION = YES;
				CLANG_WARN_CONSTANT_CONVERSION = YES;
				CLANG_WARN_DIRECT_OBJC_ISA_USAGE = YES_ERROR;
				CLANG_WARN_DOCUMENTATION_COMMENTS = YES;
				CLANG_WARN_EMPTY_BODY = YES;
				CLANG_WARN_ENUM_CONVERSION = YES;
				CLANG_WARN_INFINITE_RECURSION = YES;
				CLANG_WARN_INT_CONVERSION = YES;
				CLANG_WARN_OBJC_ROOT_CLASS = YES_ERROR;
				CLANG_WARN_SUSPICIOUS_MOVE = YES;
				CLANG_WARN_UNREACHABLE_CODE = YES;
				CLANG_WARN__DUPLICATE_METHOD_MATCH = YES;
				"CODE_SIGN_IDENTITY[sdk=iphoneos*]" = "iPhone Developer";
				COPY_PHASE_STRIP = NO;
				DEBUG_INFORMATION_FORMAT = dwarf;
				ENABLE_STRICT_OBJC_MSGSEND = YES;
				ENABLE_TESTABILITY = YES;
				GCC_C_LANGUAGE_STANDARD = gnu99;
				GCC_DYNAMIC_NO_PIC = NO;
				GCC_NO_COMMON_BLOCKS = YES;
				GCC_OPTIMIZATION_LEVEL = 0;
				GCC_PREPROCESSOR_DEFINITIONS = (
					"DEBUG=1",
					"$(inherited)",
				);
				GCC_WARN_64_TO_32_BIT_CONVERSION = YES;
				GCC_WARN_ABOUT_RETURN_TYPE = YES_ERROR;
				GCC_WARN_UNDECLARED_SELECTOR = YES;
				GCC_WARN_UNINITIALIZED_AUTOS = YES_AGGRESSIVE;
				GCC_WARN_UNUSED_FUNCTION = YES;
				GCC_WARN_UNUSED_VARIABLE = YES;
				IPHONEOS_DEPLOYMENT_TARGET = 9.0;
				MTL_ENABLE_DEBUG_INFO = YES;
				ONLY_ACTIVE_ARCH = YES;
				SDKROOT = iphoneos;
			};
			name = Debug;
		};
		C93AE02D1EDBD236005DF1BB /* Release */ = {
			isa = XCBuildConfiguration;
			buildSettings = {
				ALWAYS_SEARCH_USER_PATHS = NO;
				CLANG_ANALYZER_NONNULL = YES;
				CLANG_ANALYZER_NUMBER_OBJECT_CONVERSION = YES_AGGRESSIVE;
				CLANG_CXX_LANGUAGE_STANDARD = "gnu++0x";
				CLANG_CXX_LIBRARY = "libc++";
				CLANG_ENABLE_MODULES = YES;
				CLANG_ENABLE_OBJC_ARC = YES;
				CLANG_WARN_BOOL_CONVERSION = YES;
				CLANG_WARN_CONSTANT_CONVERSION = YES;
				CLANG_WARN_DIRECT_OBJC_ISA_USAGE = YES_ERROR;
				CLANG_WARN_DOCUMENTATION_COMMENTS = YES;
				CLANG_WARN_EMPTY_BODY = YES;
				CLANG_WARN_ENUM_CONVERSION = YES;
				CLANG_WARN_INFINITE_RECURSION = YES;
				CLANG_WARN_INT_CONVERSION = YES;
				CLANG_WARN_OBJC_ROOT_CLASS = YES_ERROR;
				CLANG_WARN_SUSPICIOUS_MOVE = YES;
				CLANG_WARN_UNREACHABLE_CODE = YES;
				CLANG_WARN__DUPLICATE_METHOD_MATCH = YES;
				"CODE_SIGN_IDENTITY[sdk=iphoneos*]" = "iPhone Developer";
				COPY_PHASE_STRIP = NO;
				DEBUG_INFORMATION_FORMAT = "dwarf-with-dsym";
				ENABLE_NS_ASSERTIONS = NO;
				ENABLE_STRICT_OBJC_MSGSEND = YES;
				GCC_C_LANGUAGE_STANDARD = gnu99;
				GCC_NO_COMMON_BLOCKS = YES;
				GCC_WARN_64_TO_32_BIT_CONVERSION = YES;
				GCC_WARN_ABOUT_RETURN_TYPE = YES_ERROR;
				GCC_WARN_UNDECLARED_SELECTOR = YES;
				GCC_WARN_UNINITIALIZED_AUTOS = YES_AGGRESSIVE;
				GCC_WARN_UNUSED_FUNCTION = YES;
				GCC_WARN_UNUSED_VARIABLE = YES;
				IPHONEOS_DEPLOYMENT_TARGET = 9.0;
				MTL_ENABLE_DEBUG_INFO = NO;
				SDKROOT = iphoneos;
				VALIDATE_PRODUCT = YES;
			};
			name = Release;
		};
		C93AE02F1EDBD236005DF1BB /* Debug */ = {
			isa = XCBuildConfiguration;
			baseConfigurationReference = CF2EB068C691F3303006FAF2 /* Pods-LXPlayer.debug.xcconfig */;
			buildSettings = {
				ASSETCATALOG_COMPILER_APPICON_NAME = AppIcon;
				ASSETCATALOG_COMPILER_LAUNCHIMAGE_NAME = LaunchImage;
				DEVELOPMENT_TEAM = HY6T393C2M;
				INFOPLIST_FILE = LXPlayer/System/Info.plist;
				IPHONEOS_DEPLOYMENT_TARGET = 8.0;
				LD_RUNPATH_SEARCH_PATHS = "$(inherited) @executable_path/Frameworks";
				PRODUCT_BUNDLE_IDENTIFIER = com.Sire.LXPlayer;
				PRODUCT_NAME = "$(TARGET_NAME)";
			};
			name = Debug;
		};
		C93AE0301EDBD236005DF1BB /* Release */ = {
			isa = XCBuildConfiguration;
			baseConfigurationReference = 00E4921D4A8CC5DD04F67E79 /* Pods-LXPlayer.release.xcconfig */;
			buildSettings = {
				ASSETCATALOG_COMPILER_APPICON_NAME = AppIcon;
				ASSETCATALOG_COMPILER_LAUNCHIMAGE_NAME = LaunchImage;
				DEVELOPMENT_TEAM = HY6T393C2M;
				INFOPLIST_FILE = LXPlayer/System/Info.plist;
				IPHONEOS_DEPLOYMENT_TARGET = 8.0;
				LD_RUNPATH_SEARCH_PATHS = "$(inherited) @executable_path/Frameworks";
				PRODUCT_BUNDLE_IDENTIFIER = com.Sire.LXPlayer;
				PRODUCT_NAME = "$(TARGET_NAME)";
			};
			name = Release;
		};
		C93AE0321EDBD236005DF1BB /* Debug */ = {
			isa = XCBuildConfiguration;
			buildSettings = {
				BUNDLE_LOADER = "$(TEST_HOST)";
				DEVELOPMENT_TEAM = HY6T393C2M;
				INFOPLIST_FILE = LXPlayerTests/Info.plist;
				LD_RUNPATH_SEARCH_PATHS = "$(inherited) @executable_path/Frameworks @loader_path/Frameworks";
				PRODUCT_BUNDLE_IDENTIFIER = com.Sire.LXPlayerTests;
				PRODUCT_NAME = "$(TARGET_NAME)";
				TEST_HOST = "$(BUILT_PRODUCTS_DIR)/LXPlayer.app/LXPlayer";
			};
			name = Debug;
		};
		C93AE0331EDBD236005DF1BB /* Release */ = {
			isa = XCBuildConfiguration;
			buildSettings = {
				BUNDLE_LOADER = "$(TEST_HOST)";
				DEVELOPMENT_TEAM = HY6T393C2M;
				INFOPLIST_FILE = LXPlayerTests/Info.plist;
				LD_RUNPATH_SEARCH_PATHS = "$(inherited) @executable_path/Frameworks @loader_path/Frameworks";
				PRODUCT_BUNDLE_IDENTIFIER = com.Sire.LXPlayerTests;
				PRODUCT_NAME = "$(TARGET_NAME)";
				TEST_HOST = "$(BUILT_PRODUCTS_DIR)/LXPlayer.app/LXPlayer";
			};
			name = Release;
		};
		C93AE0351EDBD236005DF1BB /* Debug */ = {
			isa = XCBuildConfiguration;
			buildSettings = {
				DEVELOPMENT_TEAM = HY6T393C2M;
				INFOPLIST_FILE = LXPlayerUITests/Info.plist;
				LD_RUNPATH_SEARCH_PATHS = "$(inherited) @executable_path/Frameworks @loader_path/Frameworks";
				PRODUCT_BUNDLE_IDENTIFIER = com.Sire.LXPlayerUITests;
				PRODUCT_NAME = "$(TARGET_NAME)";
				TEST_TARGET_NAME = LXPlayer;
			};
			name = Debug;
		};
		C93AE0361EDBD236005DF1BB /* Release */ = {
			isa = XCBuildConfiguration;
			buildSettings = {
				DEVELOPMENT_TEAM = HY6T393C2M;
				INFOPLIST_FILE = LXPlayerUITests/Info.plist;
				LD_RUNPATH_SEARCH_PATHS = "$(inherited) @executable_path/Frameworks @loader_path/Frameworks";
				PRODUCT_BUNDLE_IDENTIFIER = com.Sire.LXPlayerUITests;
				PRODUCT_NAME = "$(TARGET_NAME)";
				TEST_TARGET_NAME = LXPlayer;
			};
			name = Release;
		};
/* End XCBuildConfiguration section */

/* Begin XCConfigurationList section */
		C93ADFFC1EDBD235005DF1BB /* Build configuration list for PBXProject "LXPlayer" */ = {
			isa = XCConfigurationList;
			buildConfigurations = (
				C93AE02C1EDBD236005DF1BB /* Debug */,
				C93AE02D1EDBD236005DF1BB /* Release */,
			);
			defaultConfigurationIsVisible = 0;
			defaultConfigurationName = Release;
		};
		C93AE02E1EDBD236005DF1BB /* Build configuration list for PBXNativeTarget "LXPlayer" */ = {
			isa = XCConfigurationList;
			buildConfigurations = (
				C93AE02F1EDBD236005DF1BB /* Debug */,
				C93AE0301EDBD236005DF1BB /* Release */,
			);
			defaultConfigurationIsVisible = 0;
			defaultConfigurationName = Release;
		};
		C93AE0311EDBD236005DF1BB /* Build configuration list for PBXNativeTarget "LXPlayerTests" */ = {
			isa = XCConfigurationList;
			buildConfigurations = (
				C93AE0321EDBD236005DF1BB /* Debug */,
				C93AE0331EDBD236005DF1BB /* Release */,
			);
			defaultConfigurationIsVisible = 0;
			defaultConfigurationName = Release;
		};
		C93AE0341EDBD236005DF1BB /* Build configuration list for PBXNativeTarget "LXPlayerUITests" */ = {
			isa = XCConfigurationList;
			buildConfigurations = (
				C93AE0351EDBD236005DF1BB /* Debug */,
				C93AE0361EDBD236005DF1BB /* Release */,
			);
			defaultConfigurationIsVisible = 0;
			defaultConfigurationName = Release;
		};
/* End XCConfigurationList section */
	};
	rootObject = C93ADFF91EDBD235005DF1BB /* Project object */;
}
